
Microsoft Visual Studio Solution File, Format Version 12.00
# Visual Studio 15
VisualStudioVersion = 15.0.27703.2018
MinimumVisualStudioVersion = 10.0.40219.1
Project("{FAE04EC0-301F-11D3-BF4B-00C04F79EFBC}") = "PadProgram4p0", "Bonfiglioli4.0\PadProgram4p0.csproj", "{6B93B51C-A28B-44A5-808F-36E2950DD41A}"
EndProject
Project("{54435603-DBB4-11D2-8724-00A0C9A8B90C}") = "SetupBonfiglioli4p0", "SetupBonfiglioli4p0\SetupBonfiglioli4p0.vdproj", "{8C093977-34C5-4EFF-9575-833D7D02DEC5}"
EndProject
Global
	GlobalSection(SolutionConfigurationPlatforms) = preSolution
		Debug|Any CPU = Debug|Any CPU
		Release|Any CPU = Release|Any CPU
	EndGlobalSection
	GlobalSection(ProjectConfigurationPlatforms) = postSolution
		{6B93B51C-A28B-44A5-808F-36E2950DD41A}.Debug|Any CPU.ActiveCfg = Debug|Any CPU
		{6B93B51C-A28B-44A5-808F-36E2950DD41A}.Debug|Any CPU.Build.0 = Debug|Any CPU
		{6B93B51C-A28B-44A5-808F-36E2950DD41A}.Release|Any CPU.ActiveCfg = Release|Any CPU
		{6B93B51C-A28B-44A5-808F-36E2950DD41A}.Release|Any CPU.Build.0 = Release|Any CPU
		{8C093977-34C5-4EFF-9575-833D7D02DEC5}.Debug|Any CPU.ActiveCfg = Debug
		{8C093977-34C5-4EFF-9575-833D7D02DEC5}.Release|Any CPU.ActiveCfg = Release
	EndGlobalSection
	GlobalSection(SolutionProperties) = preSolution
		HideSolutionNode = FALSE
	EndGlobalSection
	GlobalSection(ExtensibilityGlobals) = postSolution
		SolutionGuid = {C975D2BE-B2C1-4CFD-A3EC-A087B17B7B38}
	EndGlobalSection
EndGlobal
